
Microsoft Visual Studio Solution File, Format Version 12.00
# Visual Studio Version 16
VisualStudioVersion = 16.0.30717.126
MinimumVisualStudioVersion = 10.0.40219.1
Project("{FAE04EC0-301F-11D3-BF4B-00C04F79EFBC}") = "LocalDB", "LocalDB\LocalDB.csproj", "{9AFDCBDA-DB4C-45B1-A824-9453635538C0}"
EndProject
Global
	GlobalSection(SolutionConfigurationPlatforms) = preSolution
		Debug|Any CPU = Debug|Any CPU
		Release|Any CPU = Release|Any CPU
	EndGlobalSection
	GlobalSection(ProjectConfigurationPlatforms) = postSolution
		{9AFDCBDA-DB4C-45B1-A824-9453635538C0}.Debug|Any CPU.ActiveCfg = Debug|Any CPU
		{9AFDCBDA-DB4C-45B1-A824-9453635538C0}.Debug|Any CPU.Build.0 = Debug|Any CPU
		{9AFDCBDA-DB4C-45B1-A824-9453635538C0}.Release|Any CPU.ActiveCfg = Release|Any CPU
		{9AFDCBDA-DB4C-45B1-A824-9453635538C0}.Release|Any CPU.Build.0 = Release|Any CPU
	EndGlobalSection
	GlobalSection(SolutionProperties) = preSolution
		HideSolutionNode = FALSE
	EndGlobalSection
	GlobalSection(ExtensibilityGlobals) = postSolution
		SolutionGuid = {AA4570D8-D059-486E-B708-99542E0E11A5}
	EndGlobalSection
EndGlobal
